
Microsoft Visual Studio Solution File, Format Version 12.00
# Visual Studio Version 16
VisualStudioVersion = 16.0.30503.244
MinimumVisualStudioVersion = 10.0.40219.1
Project("{8BC9CEB8-8B4A-11D0-8D11-00A0C91BC942}") = "Labor_2_sem_3", "Labor_2_sem_3.vcxproj", "{4EFBF197-B617-4DCF-AA5C-64FD6C23BEC1}"
EndProject
Global
	GlobalSection(SolutionConfigurationPlatforms) = preSolution
		Debug|x64 = Debug|x64
		Debug|x86 = Debug|x86
		Release|x64 = Release|x64
		Release|x86 = Release|x86
	EndGlobalSection
	GlobalSection(ProjectConfigurationPlatforms) = postSolution
		{4EFBF197-B617-4DCF-AA5C-64FD6C23BEC1}.Debug|x64.ActiveCfg = Debug|x64
		{4EFBF197-B617-4DCF-AA5C-64FD6C23BEC1}.Debug|x64.Build.0 = Debug|x64
		{4EFBF197-B617-4DCF-AA5C-64FD6C23BEC1}.Debug|x86.ActiveCfg = Debug|Win32
		{4EFBF197-B617-4DCF-AA5C-64FD6C23BEC1}.Debug|x86.Build.0 = Debug|Win32
		{4EFBF197-B617-4DCF-AA5C-64FD6C23BEC1}.Release|x64.ActiveCfg = Release|x64
		{4EFBF197-B617-4DCF-AA5C-64FD6C23BEC1}.Release|x64.Build.0 = Release|x64
		{4EFBF197-B617-4DCF-AA5C-64FD6C23BEC1}.Release|x86.ActiveCfg = Release|Win32
		{4EFBF197-B617-4DCF-AA5C-64FD6C23BEC1}.Release|x86.Build.0 = Release|Win32
	EndGlobalSection
	GlobalSection(SolutionProperties) = preSolution
		HideSolutionNode = FALSE
	EndGlobalSection
	GlobalSection(ExtensibilityGlobals) = postSolution
		SolutionGuid = {C1303EF8-6EA0-4AE1-BB99-B96A258960C9}
	EndGlobalSection
EndGlobal
