
Microsoft Visual Studio Solution File, Format Version 12.00
# Visual Studio Version 16
VisualStudioVersion = 16.0.30503.244
MinimumVisualStudioVersion = 10.0.40219.1
Project("{8BC9CEB8-8B4A-11D0-8D11-00A0C91BC942}") = "Labor_7_sem_3", "Labor_7_sem_3.vcxproj", "{3E2EAEB2-DEE8-4E57-94DA-4C67FE02E36C}"
EndProject
Global
	GlobalSection(SolutionConfigurationPlatforms) = preSolution
		Debug|x64 = Debug|x64
		Debug|x86 = Debug|x86
		Release|x64 = Release|x64
		Release|x86 = Release|x86
	EndGlobalSection
	GlobalSection(ProjectConfigurationPlatforms) = postSolution
		{3E2EAEB2-DEE8-4E57-94DA-4C67FE02E36C}.Debug|x64.ActiveCfg = Debug|x64
		{3E2EAEB2-DEE8-4E57-94DA-4C67FE02E36C}.Debug|x64.Build.0 = Debug|x64
		{3E2EAEB2-DEE8-4E57-94DA-4C67FE02E36C}.Debug|x86.ActiveCfg = Debug|Win32
		{3E2EAEB2-DEE8-4E57-94DA-4C67FE02E36C}.Debug|x86.Build.0 = Debug|Win32
		{3E2EAEB2-DEE8-4E57-94DA-4C67FE02E36C}.Release|x64.ActiveCfg = Release|x64
		{3E2EAEB2-DEE8-4E57-94DA-4C67FE02E36C}.Release|x64.Build.0 = Release|x64
		{3E2EAEB2-DEE8-4E57-94DA-4C67FE02E36C}.Release|x86.ActiveCfg = Release|Win32
		{3E2EAEB2-DEE8-4E57-94DA-4C67FE02E36C}.Release|x86.Build.0 = Release|Win32
	EndGlobalSection
	GlobalSection(SolutionProperties) = preSolution
		HideSolutionNode = FALSE
	EndGlobalSection
	GlobalSection(ExtensibilityGlobals) = postSolution
		SolutionGuid = {99757F55-1053-48DB-A3F4-5FC6A0A3890B}
	EndGlobalSection
EndGlobal
