
Microsoft Visual Studio Solution File, Format Version 12.00
# Visual Studio Version 16
VisualStudioVersion = 16.0.30503.244
MinimumVisualStudioVersion = 10.0.40219.1
Project("{8BC9CEB8-8B4A-11D0-8D11-00A0C91BC942}") = "Labor_3_sem_3", "Labor_3_sem_3.vcxproj", "{D3D29F08-B97D-46F5-967B-C67C051DAFBE}"
EndProject
Global
	GlobalSection(SolutionConfigurationPlatforms) = preSolution
		Debug|x64 = Debug|x64
		Debug|x86 = Debug|x86
		Release|x64 = Release|x64
		Release|x86 = Release|x86
	EndGlobalSection
	GlobalSection(ProjectConfigurationPlatforms) = postSolution
		{D3D29F08-B97D-46F5-967B-C67C051DAFBE}.Debug|x64.ActiveCfg = Debug|x64
		{D3D29F08-B97D-46F5-967B-C67C051DAFBE}.Debug|x64.Build.0 = Debug|x64
		{D3D29F08-B97D-46F5-967B-C67C051DAFBE}.Debug|x86.ActiveCfg = Debug|Win32
		{D3D29F08-B97D-46F5-967B-C67C051DAFBE}.Debug|x86.Build.0 = Debug|Win32
		{D3D29F08-B97D-46F5-967B-C67C051DAFBE}.Release|x64.ActiveCfg = Release|x64
		{D3D29F08-B97D-46F5-967B-C67C051DAFBE}.Release|x64.Build.0 = Release|x64
		{D3D29F08-B97D-46F5-967B-C67C051DAFBE}.Release|x86.ActiveCfg = Release|Win32
		{D3D29F08-B97D-46F5-967B-C67C051DAFBE}.Release|x86.Build.0 = Release|Win32
	EndGlobalSection
	GlobalSection(SolutionProperties) = preSolution
		HideSolutionNode = FALSE
	EndGlobalSection
	GlobalSection(ExtensibilityGlobals) = postSolution
		SolutionGuid = {6690C052-AD30-4A1E-9861-BDC25C427549}
	EndGlobalSection
EndGlobal
